
Microsoft Visual Studio Solution File, Format Version 12.00
# Visual Studio Version 16
VisualStudioVersion = 16.0.31025.194
MinimumVisualStudioVersion = 10.0.40219.1
Project("{FAE04EC0-301F-11D3-BF4B-00C04F79EFBC}") = "NhapThongTin", "NhapThongTin\NhapThongTin.csproj", "{06B9093F-928F-4ADD-883C-0D5391A12453}"
EndProject
Global
	GlobalSection(SolutionConfigurationPlatforms) = preSolution
		Debug|Any CPU = Debug|Any CPU
		Release|Any CPU = Release|Any CPU
	EndGlobalSection
	GlobalSection(ProjectConfigurationPlatforms) = postSolution
		{06B9093F-928F-4ADD-883C-0D5391A12453}.Debug|Any CPU.ActiveCfg = Debug|Any CPU
		{06B9093F-928F-4ADD-883C-0D5391A12453}.Debug|Any CPU.Build.0 = Debug|Any CPU
		{06B9093F-928F-4ADD-883C-0D5391A12453}.Release|Any CPU.ActiveCfg = Release|Any CPU
		{06B9093F-928F-4ADD-883C-0D5391A12453}.Release|Any CPU.Build.0 = Release|Any CPU
	EndGlobalSection
	GlobalSection(SolutionProperties) = preSolution
		HideSolutionNode = FALSE
	EndGlobalSection
	GlobalSection(ExtensibilityGlobals) = postSolution
		SolutionGuid = {D641E1F9-D106-4D6E-ACC3-7D9008BF7339}
	EndGlobalSection
EndGlobal
